
Microsoft Visual Studio Solution File, Format Version 12.00
# Visual Studio 15
VisualStudioVersion = 15.0.28307.329
MinimumVisualStudioVersion = 10.0.40219.1
Project("{FAE04EC0-301F-11D3-BF4B-00C04F79EFBC}") = "ReadDatabase", "ReadDatabase\ReadDatabase.csproj", "{170D3D79-C926-4B53-86F6-AA621CCB60AD}"
EndProject
Project("{2150E333-8FDC-42A3-9474-1A3956D46DE8}") = "Solution Items", "Solution Items", "{E207F339-0027-4FA3-8F5E-8A9318107291}"
EndProject
Global
	GlobalSection(SolutionConfigurationPlatforms) = preSolution
		Debug|Any CPU = Debug|Any CPU
		Release|Any CPU = Release|Any CPU
	EndGlobalSection
	GlobalSection(ProjectConfigurationPlatforms) = postSolution
		{170D3D79-C926-4B53-86F6-AA621CCB60AD}.Debug|Any CPU.ActiveCfg = Debug|Any CPU
		{170D3D79-C926-4B53-86F6-AA621CCB60AD}.Debug|Any CPU.Build.0 = Debug|Any CPU
		{170D3D79-C926-4B53-86F6-AA621CCB60AD}.Release|Any CPU.ActiveCfg = Release|Any CPU
		{170D3D79-C926-4B53-86F6-AA621CCB60AD}.Release|Any CPU.Build.0 = Release|Any CPU
	EndGlobalSection
	GlobalSection(SolutionProperties) = preSolution
		HideSolutionNode = FALSE
	EndGlobalSection
	GlobalSection(ExtensibilityGlobals) = postSolution
		SolutionGuid = {296B0E2C-E1CF-4044-9817-2F351E39639B}
	EndGlobalSection
EndGlobal
